
Microsoft Visual Studio Solution File, Format Version 12.00
# Visual Studio 15
VisualStudioVersion = 15.0.28307.1062
MinimumVisualStudioVersion = 10.0.40219.1
Project("{FAE04EC0-301F-11D3-BF4B-00C04F79EFBC}") = "03_MonhtlyTransactions", "03_MonhtlyTransactions\03_MonhtlyTransactions.csproj", "{E2B787B0-DA0C-4AAA-AC36-04829FEEB403}"
EndProject
Global
	GlobalSection(SolutionConfigurationPlatforms) = preSolution
		Debug|Any CPU = Debug|Any CPU
		Release|Any CPU = Release|Any CPU
	EndGlobalSection
	GlobalSection(ProjectConfigurationPlatforms) = postSolution
		{E2B787B0-DA0C-4AAA-AC36-04829FEEB403}.Debug|Any CPU.ActiveCfg = Debug|Any CPU
		{E2B787B0-DA0C-4AAA-AC36-04829FEEB403}.Debug|Any CPU.Build.0 = Debug|Any CPU
		{E2B787B0-DA0C-4AAA-AC36-04829FEEB403}.Release|Any CPU.ActiveCfg = Release|Any CPU
		{E2B787B0-DA0C-4AAA-AC36-04829FEEB403}.Release|Any CPU.Build.0 = Release|Any CPU
	EndGlobalSection
	GlobalSection(SolutionProperties) = preSolution
		HideSolutionNode = FALSE
	EndGlobalSection
	GlobalSection(ExtensibilityGlobals) = postSolution
		SolutionGuid = {316F474E-C006-49C3-9730-3132E4EA419D}
	EndGlobalSection
EndGlobal
